{
  "name": "kokoro2d",
  "version": "1.0.0",
  "lockfileVersion": 1,
  "requires": true,
  "dependencies": {
    "esbuild": {
      "version": "0.8.27",
      "resolved": "https://registry.npmjs.org/esbuild/-/esbuild-0.8.27.tgz",
      "integrity": "sha512-cY2i08EHYHNg0o748J+X0yBTcCO7DIZSxLWJ/6OymmML0Y2X6qkINfZcoiq5GE6EcLIfwyaZpI60JY6iBJWj5w==",
      "dev": true
    },
    "twgl.js": {
      "version": "4.17.0",
      "resolved": "https://registry.npmjs.org/twgl.js/-/twgl.js-4.17.0.tgz",
      "integrity": "sha512-FN4CWvqdDtFuIzeE+uCLeftPKuar0BU/SXuXGiAmCsxEF5CxWIRMVxJs8caBPUzBTWn3NEdOcY2M5bhxlL6hZA==",
      "dev": true
    },
    "typescript": {
      "version": "4.1.3",
      "resolved": "https://registry.npmjs.org/typescript/-/typescript-4.1.3.tgz",
      "integrity": "sha512-B3ZIOf1IKeH2ixgHhj6la6xdwR9QrLC5d1VKeCSY4tvkqhF2eqd9O7txNlS0PO3GrBAFIdr3L1ndNwteUbZLYg==",
      "dev": true
    }
  }
}
